
Microsoft Visual Studio Solution File, Format Version 12.00
# Visual Studio Version 17
VisualStudioVersion = 17.13.35931.197 d17.13
MinimumVisualStudioVersion = 10.0.40219.1
Project("{FAE04EC0-301F-11D3-BF4B-00C04F79EFBC}") = "ServicioUsuarios", "ServicioUsuarios\ServicioUsuarios.csproj", "{9B0BBB29-A815-4FCA-A822-668F640F54C6}"
EndProject
Project("{FAE04EC0-301F-11D3-BF4B-00C04F79EFBC}") = "ServicioVentas", "ServicioVentas\ServicioVentas.csproj", "{BE91DF5A-8E43-4170-B694-BD071067FCF2}"
EndProject
Project("{FAE04EC0-301F-11D3-BF4B-00C04F79EFBC}") = "FrontendVitalCare", "FrontendVitalCare\FrontendVitalCare.csproj", "{8CEEF26A-1F3C-4D00-B83E-12424999E4C7}"
EndProject
Global
	GlobalSection(SolutionConfigurationPlatforms) = preSolution
		Debug|Any CPU = Debug|Any CPU
		Release|Any CPU = Release|Any CPU
	EndGlobalSection
	GlobalSection(ProjectConfigurationPlatforms) = postSolution
		{9B0BBB29-A815-4FCA-A822-668F640F54C6}.Debug|Any CPU.ActiveCfg = Debug|Any CPU
		{9B0BBB29-A815-4FCA-A822-668F640F54C6}.Debug|Any CPU.Build.0 = Debug|Any CPU
		{9B0BBB29-A815-4FCA-A822-668F640F54C6}.Release|Any CPU.ActiveCfg = Release|Any CPU
		{9B0BBB29-A815-4FCA-A822-668F640F54C6}.Release|Any CPU.Build.0 = Release|Any CPU
		{BE91DF5A-8E43-4170-B694-BD071067FCF2}.Debug|Any CPU.ActiveCfg = Debug|Any CPU
		{BE91DF5A-8E43-4170-B694-BD071067FCF2}.Debug|Any CPU.Build.0 = Debug|Any CPU
		{BE91DF5A-8E43-4170-B694-BD071067FCF2}.Release|Any CPU.ActiveCfg = Release|Any CPU
		{BE91DF5A-8E43-4170-B694-BD071067FCF2}.Release|Any CPU.Build.0 = Release|Any CPU
		{8CEEF26A-1F3C-4D00-B83E-12424999E4C7}.Debug|Any CPU.ActiveCfg = Debug|Any CPU
		{8CEEF26A-1F3C-4D00-B83E-12424999E4C7}.Debug|Any CPU.Build.0 = Debug|Any CPU
		{8CEEF26A-1F3C-4D00-B83E-12424999E4C7}.Release|Any CPU.ActiveCfg = Release|Any CPU
		{8CEEF26A-1F3C-4D00-B83E-12424999E4C7}.Release|Any CPU.Build.0 = Release|Any CPU
	EndGlobalSection
	GlobalSection(SolutionProperties) = preSolution
		HideSolutionNode = FALSE
	EndGlobalSection
	GlobalSection(ExtensibilityGlobals) = postSolution
		SolutionGuid = {9080A7B7-53C7-4122-A0EA-BBDB538E6600}
	EndGlobalSection
EndGlobal
